
Microsoft Visual Studio Solution File, Format Version 12.00
Project("{FAE04EC0-301F-11D3-BF4B-00C04F79EFBC}") = "AutoHub.API", "src\AutoHub.API\AutoHub.API.csproj", "{43C4078D-0616-47FF-ACFD-5529C6D10C7E}"
EndProject
Project("{FAE04EC0-301F-11D3-BF4B-00C04F79EFBC}") = "AutoHub.Domain", "src\AutoHub.Domain\AutoHub.Domain.csproj", "{B5950313-736C-4E30-902C-C254CD7A184D}"
EndProject
Project("{FAE04EC0-301F-11D3-BF4B-00C04F79EFBC}") = "AutoHub.Application", "src\AutoHub.Application\AutoHub.Application.csproj", "{8D33BBDD-1F55-49DB-A108-46EC74D18B30}"
EndProject
Project("{FAE04EC0-301F-11D3-BF4B-00C04F79EFBC}") = "AutoHub.Infrastructure", "src\AutoHub.Infrastructure\AutoHub.Infrastructure.csproj", "{4A8DA7E3-F186-4D5A-94BE-26117279A2BD}"
EndProject
Project("{2150E333-8FDC-42A3-9474-1A3956D46DE8}") = "tests", "tests", "{0AB3BF05-4346-4AA6-1389-037BE0695223}"
EndProject
Project("{FAE04EC0-301F-11D3-BF4B-00C04F79EFBC}") = "AutoHub.Domain.Tests", "tests\AutoHub.Domain.Tests\AutoHub.Domain.Tests.csproj", "{F46A8996-56B6-4F75-A373-728FAF6C24DE}"
EndProject
Project("{FAE04EC0-301F-11D3-BF4B-00C04F79EFBC}") = "AutoHub.Application.Tests", "tests\AutoHub.Application.Tests\AutoHub.Application.Tests.csproj", "{2251C129-A6D4-4C07-A86F-518F3015322B}"
EndProject
Project("{FAE04EC0-301F-11D3-BF4B-00C04F79EFBC}") = "AutoHub.Infrastructure.Tests", "tests\AutoHub.Infrastructure.Tests\AutoHub.Infrastructure.Tests.csproj", "{69EA2C40-C673-41C9-B682-B58AC5D17901}"
EndProject
Global
	GlobalSection(SolutionConfigurationPlatforms) = preSolution
		Debug|Any CPU = Debug|Any CPU
		Debug|x64 = Debug|x64
		Debug|x86 = Debug|x86
		Release|Any CPU = Release|Any CPU
		Release|x64 = Release|x64
		Release|x86 = Release|x86
	EndGlobalSection
	GlobalSection(ProjectConfigurationPlatforms) = postSolution
		{69EA2C40-C673-41C9-B682-B58AC5D17901}.Debug|Any CPU.ActiveCfg = Debug|Any CPU
		{69EA2C40-C673-41C9-B682-B58AC5D17901}.Debug|Any CPU.Build.0 = Debug|Any CPU
		{69EA2C40-C673-41C9-B682-B58AC5D17901}.Debug|x64.ActiveCfg = Debug|Any CPU
		{69EA2C40-C673-41C9-B682-B58AC5D17901}.Debug|x64.Build.0 = Debug|Any CPU
		{69EA2C40-C673-41C9-B682-B58AC5D17901}.Debug|x86.ActiveCfg = Debug|Any CPU
		{69EA2C40-C673-41C9-B682-B58AC5D17901}.Debug|x86.Build.0 = Debug|Any CPU
		{69EA2C40-C673-41C9-B682-B58AC5D17901}.Release|Any CPU.ActiveCfg = Release|Any CPU
		{69EA2C40-C673-41C9-B682-B58AC5D17901}.Release|Any CPU.Build.0 = Release|Any CPU
		{69EA2C40-C673-41C9-B682-B58AC5D17901}.Release|x64.ActiveCfg = Release|Any CPU
		{69EA2C40-C673-41C9-B682-B58AC5D17901}.Release|x64.Build.0 = Release|Any CPU
		{69EA2C40-C673-41C9-B682-B58AC5D17901}.Release|x86.ActiveCfg = Release|Any CPU
		{69EA2C40-C673-41C9-B682-B58AC5D17901}.Release|x86.Build.0 = Release|Any CPU
		{43C4078D-0616-47FF-ACFD-5529C6D10C7E}.Debug|Any CPU.ActiveCfg = Debug|Any CPU
		{43C4078D-0616-47FF-ACFD-5529C6D10C7E}.Debug|Any CPU.Build.0 = Debug|Any CPU
		{43C4078D-0616-47FF-ACFD-5529C6D10C7E}.Debug|x64.ActiveCfg = Debug|Any CPU
		{43C4078D-0616-47FF-ACFD-5529C6D10C7E}.Debug|x64.Build.0 = Debug|Any CPU
		{43C4078D-0616-47FF-ACFD-5529C6D10C7E}.Debug|x86.ActiveCfg = Debug|Any CPU
		{43C4078D-0616-47FF-ACFD-5529C6D10C7E}.Debug|x86.Build.0 = Debug|Any CPU
		{43C4078D-0616-47FF-ACFD-5529C6D10C7E}.Release|Any CPU.ActiveCfg = Release|Any CPU
		{43C4078D-0616-47FF-ACFD-5529C6D10C7E}.Release|Any CPU.Build.0 = Release|Any CPU
		{43C4078D-0616-47FF-ACFD-5529C6D10C7E}.Release|x64.ActiveCfg = Release|Any CPU
		{43C4078D-0616-47FF-ACFD-5529C6D10C7E}.Release|x64.Build.0 = Release|Any CPU
		{43C4078D-0616-47FF-ACFD-5529C6D10C7E}.Release|x86.ActiveCfg = Release|Any CPU
		{43C4078D-0616-47FF-ACFD-5529C6D10C7E}.Release|x86.Build.0 = Release|Any CPU
		{B5950313-736C-4E30-902C-C254CD7A184D}.Debug|Any CPU.ActiveCfg = Debug|Any CPU
		{B5950313-736C-4E30-902C-C254CD7A184D}.Debug|Any CPU.Build.0 = Debug|Any CPU
		{B5950313-736C-4E30-902C-C254CD7A184D}.Debug|x64.ActiveCfg = Debug|Any CPU
		{B5950313-736C-4E30-902C-C254CD7A184D}.Debug|x64.Build.0 = Debug|Any CPU
		{B5950313-736C-4E30-902C-C254CD7A184D}.Debug|x86.ActiveCfg = Debug|Any CPU
		{B5950313-736C-4E30-902C-C254CD7A184D}.Debug|x86.Build.0 = Debug|Any CPU
		{B5950313-736C-4E30-902C-C254CD7A184D}.Release|Any CPU.ActiveCfg = Release|Any CPU
		{B5950313-736C-4E30-902C-C254CD7A184D}.Release|Any CPU.Build.0 = Release|Any CPU
		{B5950313-736C-4E30-902C-C254CD7A184D}.Release|x64.ActiveCfg = Release|Any CPU
		{B5950313-736C-4E30-902C-C254CD7A184D}.Release|x64.Build.0 = Release|Any CPU
		{B5950313-736C-4E30-902C-C254CD7A184D}.Release|x86.ActiveCfg = Release|Any CPU
		{B5950313-736C-4E30-902C-C254CD7A184D}.Release|x86.Build.0 = Release|Any CPU
		{8D33BBDD-1F55-49DB-A108-46EC74D18B30}.Debug|Any CPU.ActiveCfg = Debug|Any CPU
		{8D33BBDD-1F55-49DB-A108-46EC74D18B30}.Debug|Any CPU.Build.0 = Debug|Any CPU
		{8D33BBDD-1F55-49DB-A108-46EC74D18B30}.Debug|x64.ActiveCfg = Debug|Any CPU
		{8D33BBDD-1F55-49DB-A108-46EC74D18B30}.Debug|x64.Build.0 = Debug|Any CPU
		{8D33BBDD-1F55-49DB-A108-46EC74D18B30}.Debug|x86.ActiveCfg = Debug|Any CPU
		{8D33BBDD-1F55-49DB-A108-46EC74D18B30}.Debug|x86.Build.0 = Debug|Any CPU
		{8D33BBDD-1F55-49DB-A108-46EC74D18B30}.Release|Any CPU.ActiveCfg = Release|Any CPU
		{8D33BBDD-1F55-49DB-A108-46EC74D18B30}.Release|Any CPU.Build.0 = Release|Any CPU
		{8D33BBDD-1F55-49DB-A108-46EC74D18B30}.Release|x64.ActiveCfg = Release|Any CPU
		{8D33BBDD-1F55-49DB-A108-46EC74D18B30}.Release|x64.Build.0 = Release|Any CPU
		{8D33BBDD-1F55-49DB-A108-46EC74D18B30}.Release|x86.ActiveCfg = Release|Any CPU
		{8D33BBDD-1F55-49DB-A108-46EC74D18B30}.Release|x86.Build.0 = Release|Any CPU
		{4A8DA7E3-F186-4D5A-94BE-26117279A2BD}.Debug|Any CPU.ActiveCfg = Debug|Any CPU
		{4A8DA7E3-F186-4D5A-94BE-26117279A2BD}.Debug|Any CPU.Build.0 = Debug|Any CPU
		{4A8DA7E3-F186-4D5A-94BE-26117279A2BD}.Debug|x64.ActiveCfg = Debug|Any CPU
		{4A8DA7E3-F186-4D5A-94BE-26117279A2BD}.Debug|x64.Build.0 = Debug|Any CPU
		{4A8DA7E3-F186-4D5A-94BE-26117279A2BD}.Debug|x86.ActiveCfg = Debug|Any CPU
		{4A8DA7E3-F186-4D5A-94BE-26117279A2BD}.Debug|x86.Build.0 = Debug|Any CPU
		{4A8DA7E3-F186-4D5A-94BE-26117279A2BD}.Release|Any CPU.ActiveCfg = Release|Any CPU
		{4A8DA7E3-F186-4D5A-94BE-26117279A2BD}.Release|Any CPU.Build.0 = Release|Any CPU
		{4A8DA7E3-F186-4D5A-94BE-26117279A2BD}.Release|x64.ActiveCfg = Release|Any CPU
		{4A8DA7E3-F186-4D5A-94BE-26117279A2BD}.Release|x64.Build.0 = Release|Any CPU
		{4A8DA7E3-F186-4D5A-94BE-26117279A2BD}.Release|x86.ActiveCfg = Release|Any CPU
		{4A8DA7E3-F186-4D5A-94BE-26117279A2BD}.Release|x86.Build.0 = Release|Any CPU
		{F46A8996-56B6-4F75-A373-728FAF6C24DE}.Debug|Any CPU.ActiveCfg = Debug|Any CPU
		{F46A8996-56B6-4F75-A373-728FAF6C24DE}.Debug|Any CPU.Build.0 = Debug|Any CPU
		{F46A8996-56B6-4F75-A373-728FAF6C24DE}.Debug|x64.ActiveCfg = Debug|Any CPU
		{F46A8996-56B6-4F75-A373-728FAF6C24DE}.Debug|x64.Build.0 = Debug|Any CPU
		{F46A8996-56B6-4F75-A373-728FAF6C24DE}.Debug|x86.ActiveCfg = Debug|Any CPU
		{F46A8996-56B6-4F75-A373-728FAF6C24DE}.Debug|x86.Build.0 = Debug|Any CPU
		{F46A8996-56B6-4F75-A373-728FAF6C24DE}.Release|Any CPU.ActiveCfg = Release|Any CPU
		{F46A8996-56B6-4F75-A373-728FAF6C24DE}.Release|Any CPU.Build.0 = Release|Any CPU
		{F46A8996-56B6-4F75-A373-728FAF6C24DE}.Release|x64.ActiveCfg = Release|Any CPU
		{F46A8996-56B6-4F75-A373-728FAF6C24DE}.Release|x64.Build.0 = Release|Any CPU
		{F46A8996-56B6-4F75-A373-728FAF6C24DE}.Release|x86.ActiveCfg = Release|Any CPU
		{F46A8996-56B6-4F75-A373-728FAF6C24DE}.Release|x86.Build.0 = Release|Any CPU
		{2251C129-A6D4-4C07-A86F-518F3015322B}.Debug|Any CPU.ActiveCfg = Debug|Any CPU
		{2251C129-A6D4-4C07-A86F-518F3015322B}.Debug|Any CPU.Build.0 = Debug|Any CPU
		{2251C129-A6D4-4C07-A86F-518F3015322B}.Debug|x64.ActiveCfg = Debug|Any CPU
		{2251C129-A6D4-4C07-A86F-518F3015322B}.Debug|x64.Build.0 = Debug|Any CPU
		{2251C129-A6D4-4C07-A86F-518F3015322B}.Debug|x86.ActiveCfg = Debug|Any CPU
		{2251C129-A6D4-4C07-A86F-518F3015322B}.Debug|x86.Build.0 = Debug|Any CPU
		{2251C129-A6D4-4C07-A86F-518F3015322B}.Release|Any CPU.ActiveCfg = Release|Any CPU
		{2251C129-A6D4-4C07-A86F-518F3015322B}.Release|Any CPU.Build.0 = Release|Any CPU
		{2251C129-A6D4-4C07-A86F-518F3015322B}.Release|x64.ActiveCfg = Release|Any CPU
		{2251C129-A6D4-4C07-A86F-518F3015322B}.Release|x64.Build.0 = Release|Any CPU
		{2251C129-A6D4-4C07-A86F-518F3015322B}.Release|x86.ActiveCfg = Release|Any CPU
		{2251C129-A6D4-4C07-A86F-518F3015322B}.Release|x86.Build.0 = Release|Any CPU
	EndGlobalSection
	GlobalSection(SolutionProperties) = preSolution
		HideSolutionNode = FALSE
	EndGlobalSection
	GlobalSection(NestedProjects) = preSolution
		{69EA2C40-C673-41C9-B682-B58AC5D17901} = {0AB3BF05-4346-4AA6-1389-037BE0695223}
		{F46A8996-56B6-4F75-A373-728FAF6C24DE} = {0AB3BF05-4346-4AA6-1389-037BE0695223}
		{2251C129-A6D4-4C07-A86F-518F3015322B} = {0AB3BF05-4346-4AA6-1389-037BE0695223}
	EndGlobalSection
EndGlobal
